// !$*UTF8*$!
{
	archiveVersion = 1;
	classes = {
	};
	objectVersion = 50;
	objects = {

/* Begin PBXBuildFile section */
		60DF67022135D3AD007F79EE /* AppDelegate.swift in Sources */ = {isa = PBXBuildFile; fileRef = 60DF67012135D3AD007F79EE /* AppDelegate.swift */; };
		60DF67042135D3AD007F79EE /* ViewController.swift in Sources */ = {isa = PBXBuildFile; fileRef = 60DF67032135D3AD007F79EE /* ViewController.swift */; };
		60DF67072135D3AD007F79EE /* Main.storyboard in Resources */ = {isa = PBXBuildFile; fileRef = 60DF67052135D3AD007F79EE /* Main.storyboard */; };
		60DF67092135D3AE007F79EE /* Assets.xcassets in Resources */ = {isa = PBXBuildFile; fileRef = 60DF67082135D3AE007F79EE /* Assets.xcassets */; };
		60DF670C2135D3AE007F79EE /* LaunchScreen.storyboard in Resources */ = {isa = PBXBuildFile; fileRef = 60DF670A2135D3AE007F79EE /* LaunchScreen.storyboard */; };
		60DF67172135D3AE007F79EE /* PinPointTests.swift in Sources */ = {isa = PBXBuildFile; fileRef = 60DF67162135D3AE007F79EE /* PinPointTests.swift */; };
		60DF67222135D3AE007F79EE /* PinPointUITests.swift in Sources */ = {isa = PBXBuildFile; fileRef = 60DF67212135D3AE007F79EE /* PinPointUITests.swift */; };
/* End PBXBuildFile section */

/* Begin PBXContainerItemProxy section */
		60DF67132135D3AE007F79EE /* PBXContainerItemProxy */ = {
			isa = PBXContainerItemProxy;
			containerPortal = 60DF66F62135D3AD007F79EE /* Project object */;
			proxyType = 1;
			remoteGlobalIDString = 60DF66FD2135D3AD007F79EE;
			remoteInfo = PinPoint;
		};
		60DF671E2135D3AE007F79EE /* PBXContainerItemProxy */ = {
			isa = PBXContainerItemProxy;
			containerPortal = 60DF66F62135D3AD007F79EE /* Project object */;
			proxyType = 1;
			remoteGlobalIDString = 60DF66FD2135D3AD007F79EE;
			remoteInfo = PinPoint;
		};
/* End PBXContainerItemProxy section */

/* Begin PBXFileReference section */
		60DF66FE2135D3AD007F79EE /* PinPoint.app */ = {isa = PBXFileReference; explicitFileType = wrapper.application; includeInIndex = 0; path = PinPoint.app; sourceTree = BUILT_PRODUCTS_DIR; };
		60DF67012135D3AD007F79EE /* AppDelegate.swift */ = {isa = PBXFileReference; lastKnownFileType = sourcecode.swift; path = AppDelegate.swift; sourceTree = "<group>"; };
		60DF67032135D3AD007F79EE /* ViewController.swift */ = {isa = PBXFileReference; lastKnownFileType = sourcecode.swift; path = ViewController.swift; sourceTree = "<group>"; };
		60DF67062135D3AD007F79EE /* Base */ = {isa = PBXFileReference; lastKnownFileType = file.storyboard; name = Base; path = Base.lproj/Main.storyboard; sourceTree = "<group>"; };
		60DF67082135D3AE007F79EE /* Assets.xcassets */ = {isa = PBXFileReference; lastKnownFileType = folder.assetcatalog; path = Assets.xcassets; sourceTree = "<group>"; };
		60DF670B2135D3AE007F79EE /* Base */ = {isa = PBXFileReference; lastKnownFileType = file.storyboard; name = Base; path = Base.lproj/LaunchScreen.storyboard; sourceTree = "<group>"; };
		60DF670D2135D3AE007F79EE /* Info.plist */ = {isa = PBXFileReference; lastKnownFileType = text.plist.xml; path = Info.plist; sourceTree = "<group>"; };
		60DF67122135D3AE007F79EE /* PinPointTests.xctest */ = {isa = PBXFileReference; explicitFileType = wrapper.cfbundle; includeInIndex = 0; path = PinPointTests.xctest; sourceTree = BUILT_PRODUCTS_DIR; };
		60DF67162135D3AE007F79EE /* PinPointTests.swift */ = {isa = PBXFileReference; lastKnownFileType = sourcecode.swift; path = PinPointTests.swift; sourceTree = "<group>"; };
		60DF67182135D3AE007F79EE /* Info.plist */ = {isa = PBXFileReference; lastKnownFileType = text.plist.xml; path = Info.plist; sourceTree = "<group>"; };
		60DF671D2135D3AE007F79EE /* PinPointUITests.xctest */ = {isa = PBXFileReference; explicitFileType = wrapper.cfbundle; includeInIndex = 0; path = PinPointUITests.xctest; sourceTree = BUILT_PRODUCTS_DIR; };
		60DF67212135D3AE007F79EE /* PinPointUITests.swift */ = {isa = PBXFileReference; lastKnownFileType = sourcecode.swift; path = PinPointUITests.swift; sourceTree = "<group>"; };
		60DF67232135D3AE007F79EE /* Info.plist */ = {isa = PBXFileReference; lastKnownFileType = text.plist.xml; path = Info.plist; sourceTree = "<group>"; };
/* End PBXFileReference section */

/* Begin PBXFrameworksBuildPhase section */
		60DF66FB2135D3AD007F79EE /* Frameworks */ = {
			isa = PBXFrameworksBuildPhase;
			buildActionMask = 2147483647;
			files = (
			);
			runOnlyForDeploymentPostprocessing = 0;
		};
		60DF670F2135D3AE007F79EE /* Frameworks */ = {
			isa = PBXFrameworksBuildPhase;
			buildActionMask = 2147483647;
			files = (
			);
			runOnlyForDeploymentPostprocessing = 0;
		};
		60DF671A2135D3AE007F79EE /* Frameworks */ = {
			isa = PBXFrameworksBuildPhase;
			buildActionMask = 2147483647;
			files = (
			);
			runOnlyForDeploymentPostprocessing = 0;
		};
/* End PBXFrameworksBuildPhase section */

/* Begin PBXGroup section */
		60DF66F52135D3AD007F79EE = {
			isa = PBXGroup;
			children = (
				60DF67002135D3AD007F79EE /* PinPoint */,
				60DF67152135D3AE007F79EE /* PinPointTests */,
				60DF67202135D3AE007F79EE /* PinPointUITests */,
				60DF66FF2135D3AD007F79EE /* Products */,
			);
			sourceTree = "<group>";
		};
		60DF66FF2135D3AD007F79EE /* Products */ = {
			isa = PBXGroup;
			children = (
				60DF66FE2135D3AD007F79EE /* PinPoint.app */,
				60DF67122135D3AE007F79EE /* PinPointTests.xctest */,
				60DF671D2135D3AE007F79EE /* PinPointUITests.xctest */,
			);
			name = Products;
			sourceTree = "<group>";
		};
		60DF67002135D3AD007F79EE /* PinPoint */ = {
			isa = PBXGroup;
			children = (
				60DF67012135D3AD007F79EE /* AppDelegate.swift */,
				60DF67032135D3AD007F79EE /* ViewController.swift */,
				60DF67052135D3AD007F79EE /* Main.storyboard */,
				60DF67082135D3AE007F79EE /* Assets.xcassets */,
				60DF670A2135D3AE007F79EE /* LaunchScreen.storyboard */,
				60DF670D2135D3AE007F79EE /* Info.plist */,
			);
			path = PinPoint;
			sourceTree = "<group>";
		};
		60DF67152135D3AE007F79EE /* PinPointTests */ = {
			isa = PBXGroup;
			children = (
				60DF67162135D3AE007F79EE /* PinPointTests.swift */,
				60DF67182135D3AE007F79EE /* Info.plist */,
			);
			path = PinPointTests;
			sourceTree = "<group>";
		};
		60DF67202135D3AE007F79EE /* PinPointUITests */ = {
			isa = PBXGroup;
			children = (
				60DF67212135D3AE007F79EE /* PinPointUITests.swift */,
				60DF67232135D3AE007F79EE /* Info.plist */,
			);
			path = PinPointUITests;
			sourceTree = "<group>";
		};
/* End PBXGroup section */

/* Begin PBXNativeTarget section */
		60DF66FD2135D3AD007F79EE /* PinPoint */ = {
			isa = PBXNativeTarget;
			buildConfigurationList = 60DF67262135D3AE007F79EE /* Build configuration list for PBXNativeTarget "PinPoint" */;
			buildPhases = (
				60DF66FA2135D3AD007F79EE /* Sources */,
				60DF66FB2135D3AD007F79EE /* Frameworks */,
				60DF66FC2135D3AD007F79EE /* Resources */,
			);
			buildRules = (
			);
			dependencies = (
			);
			name = PinPoint;
			productName = PinPoint;
			productReference = 60DF66FE2135D3AD007F79EE /* PinPoint.app */;
			productType = "com.apple.product-type.application";
		};
		60DF67112135D3AE007F79EE /* PinPointTests */ = {
			isa = PBXNativeTarget;
			buildConfigurationList = 60DF67292135D3AE007F79EE /* Build configuration list for PBXNativeTarget "PinPointTests" */;
			buildPhases = (
				60DF670E2135D3AE007F79EE /* Sources */,
				60DF670F2135D3AE007F79EE /* Frameworks */,
				60DF67102135D3AE007F79EE /* Resources */,
			);
			buildRules = (
			);
			dependencies = (
				60DF67142135D3AE007F79EE /* PBXTargetDependency */,
			);
			name = PinPointTests;
			productName = PinPointTests;
			productReference = 60DF67122135D3AE007F79EE /* PinPointTests.xctest */;
			productType = "com.apple.product-type.bundle.unit-test";
		};
		60DF671C2135D3AE007F79EE /* PinPointUITests */ = {
			isa = PBXNativeTarget;
			buildConfigurationList = 60DF672C2135D3AE007F79EE /* Build configuration list for PBXNativeTarget "PinPointUITests" */;
			buildPhases = (
				60DF67192135D3AE007F79EE /* Sources */,
				60DF671A2135D3AE007F79EE /* Frameworks */,
				60DF671B2135D3AE007F79EE /* Resources */,
			);
			buildRules = (
			);
			dependencies = (
				60DF671F2135D3AE007F79EE /* PBXTargetDependency */,
			);
			name = PinPointUITests;
			productName = PinPointUITests;
			productReference = 60DF671D2135D3AE007F79EE /* PinPointUITests.xctest */;
			productType = "com.apple.product-type.bundle.ui-testing";
		};
/* End PBXNativeTarget section */

/* Begin PBXProject section */
		60DF66F62135D3AD007F79EE /* Project object */ = {
			isa = PBXProject;
			attributes = {
				LastSwiftUpdateCheck = 0940;
				LastUpgradeCheck = 0940;
				ORGANIZATIONNAME = "Grant Maloney";
				TargetAttributes = {
					60DF66FD2135D3AD007F79EE = {
						CreatedOnToolsVersion = 9.4.1;
					};
					60DF67112135D3AE007F79EE = {
						CreatedOnToolsVersion = 9.4.1;
						TestTargetID = 60DF66FD2135D3AD007F79EE;
					};
					60DF671C2135D3AE007F79EE = {
						CreatedOnToolsVersion = 9.4.1;
						TestTargetID = 60DF66FD2135D3AD007F79EE;
					};
				};
			};
			buildConfigurationList = 60DF66F92135D3AD007F79EE /* Build configuration list for PBXProject "PinPoint" */;
			compatibilityVersion = "Xcode 9.3";
			developmentRegion = en;
			hasScannedForEncodings = 0;
			knownRegions = (
				en,
				Base,
			);
			mainGroup = 60DF66F52135D3AD007F79EE;
			productRefGroup = 60DF66FF2135D3AD007F79EE /* Products */;
			projectDirPath = "";
			projectRoot = "";
			targets = (
				60DF66FD2135D3AD007F79EE /* PinPoint */,
				60DF67112135D3AE007F79EE /* PinPointTests */,
				60DF671C2135D3AE007F79EE /* PinPointUITests */,
			);
		};
/* End PBXProject section */

/* Begin PBXResourcesBuildPhase section */
		60DF66FC2135D3AD007F79EE /* Resources */ = {
			isa = PBXResourcesBuildPhase;
			buildActionMask = 2147483647;
			files = (
				60DF670C2135D3AE007F79EE /* LaunchScreen.storyboard in Resources */,
				60DF67092135D3AE007F79EE /* Assets.xcassets in Resources */,
				60DF67072135D3AD007F79EE /* Main.storyboard in Resources */,
			);
			runOnlyForDeploymentPostprocessing = 0;
		};
		60DF67102135D3AE007F79EE /* Resources */ = {
			isa = PBXResourcesBuildPhase;
			buildActionMask = 2147483647;
			files = (
			);
			runOnlyForDeploymentPostprocessing = 0;
		};
		60DF671B2135D3AE007F79EE /* Resources */ = {
			isa = PBXResourcesBuildPhase;
			buildActionMask = 2147483647;
			files = (
			);
			runOnlyForDeploymentPostprocessing = 0;
		};
/* End PBXResourcesBuildPhase section */

/* Begin PBXSourcesBuildPhase section */
		60DF66FA2135D3AD007F79EE /* Sources */ = {
			isa = PBXSourcesBuildPhase;
			buildActionMask = 2147483647;
			files = (
				60DF67042135D3AD007F79EE /* ViewController.swift in Sources */,
				60DF67022135D3AD007F79EE /* AppDelegate.swift in Sources */,
			);
			runOnlyForDeploymentPostprocessing = 0;
		};
		60DF670E2135D3AE007F79EE /* Sources */ = {
			isa = PBXSourcesBuildPhase;
			buildActionMask = 2147483647;
			files = (
				60DF67172135D3AE007F79EE /* PinPointTests.swift in Sources */,
			);
			runOnlyForDeploymentPostprocessing = 0;
		};
		60DF67192135D3AE007F79EE /* Sources */ = {
			isa = PBXSourcesBuildPhase;
			buildActionMask = 2147483647;
			files = (
				60DF67222135D3AE007F79EE /* PinPointUITests.swift in Sources */,
			);
			runOnlyForDeploymentPostprocessing = 0;
		};
/* End PBXSourcesBuildPhase section */

/* Begin PBXTargetDependency section */
		60DF67142135D3AE007F79EE /* PBXTargetDependency */ = {
			isa = PBXTargetDependency;
			target = 60DF66FD2135D3AD007F79EE /* PinPoint */;
			targetProxy = 60DF67132135D3AE007F79EE /* PBXContainerItemProxy */;
		};
		60DF671F2135D3AE007F79EE /* PBXTargetDependency */ = {
			isa = PBXTargetDependency;
			target = 60DF66FD2135D3AD007F79EE /* PinPoint */;
			targetProxy = 60DF671E2135D3AE007F79EE /* PBXContainerItemProxy */;
		};
/* End PBXTargetDependency section */

/* Begin PBXVariantGroup section */
		60DF67052135D3AD007F79EE /* Main.storyboard */ = {
			isa = PBXVariantGroup;
			children = (
				60DF67062135D3AD007F79EE /* Base */,
			);
			name = Main.storyboard;
			sourceTree = "<group>";
		};
		60DF670A2135D3AE007F79EE /* LaunchScreen.storyboard */ = {
			isa = PBXVariantGroup;
			children = (
				60DF670B2135D3AE007F79EE /* Base */,
			);
			name = LaunchScreen.storyboard;
			sourceTree = "<group>";
		};
/* End PBXVariantGroup section */

/* Begin XCBuildConfiguration section */
		60DF67242135D3AE007F79EE /* Debug */ = {
			isa = XCBuildConfiguration;
			buildSettings = {
				ALWAYS_SEARCH_USER_PATHS = NO;
				CLANG_ANALYZER_NONNULL = YES;
				CLANG_ANALYZER_NUMBER_OBJECT_CONVERSION = YES_AGGRESSIVE;
				CLANG_CXX_LANGUAGE_STANDARD = "gnu++14";
				CLANG_CXX_LIBRARY = "libc++";
				CLANG_ENABLE_MODULES = YES;
				CLANG_ENABLE_OBJC_ARC = YES;
				CLANG_ENABLE_OBJC_WEAK = YES;
				CLANG_WARN_BLOCK_CAPTURE_AUTORELEASING = YES;
				CLANG_WARN_BOOL_CONVERSION = YES;
				CLANG_WARN_COMMA = YES;
				CLANG_WARN_CONSTANT_CONVERSION = YES;
				CLANG_WARN_DEPRECATED_OBJC_IMPLEMENTATIONS = YES;
				CLANG_WARN_DIRECT_OBJC_ISA_USAGE = YES_ERROR;
				CLANG_WARN_DOCUMENTATION_COMMENTS = YES;
				CLANG_WARN_EMPTY_BODY = YES;
				CLANG_WARN_ENUM_CONVERSION = YES;
				CLANG_WARN_INFINITE_RECURSION = YES;
				CLANG_WARN_INT_CONVERSION = YES;
				CLANG_WARN_NON_LITERAL_NULL_CONVERSION = YES;
				CLANG_WARN_OBJC_IMPLICIT_RETAIN_SELF = YES;
				CLANG_WARN_OBJC_LITERAL_CONVERSION = YES;
				CLANG_WARN_OBJC_ROOT_CLASS = YES_ERROR;
				CLANG_WARN_RANGE_LOOP_ANALYSIS = YES;
				CLANG_WARN_STRICT_PROTOTYPES = YES;
				CLANG_WARN_SUSPICIOUS_MOVE = YES;
				CLANG_WARN_UNGUARDED_AVAILABILITY = YES_AGGRESSIVE;
				CLANG_WARN_UNREACHABLE_CODE = YES;
				CLANG_WARN__DUPLICATE_METHOD_MATCH = YES;
				CODE_SIGN_IDENTITY = "iPhone Developer";
				COPY_PHASE_STRIP = NO;
				DEBUG_INFORMATION_FORMAT = dwarf;
				ENABLE_STRICT_OBJC_MSGSEND = YES;
				ENABLE_TESTABILITY = YES;
				GCC_C_LANGUAGE_STANDARD = gnu11;
				GCC_DYNAMIC_NO_PIC = NO;
				GCC_NO_COMMON_BLOCKS = YES;
				GCC_OPTIMIZATION_LEVEL = 0;
				GCC_PREPROCESSOR_DEFINITIONS = (
					"DEBUG=1",
					"$(inherited)",
				);
				GCC_WARN_64_TO_32_BIT_CONVERSION = YES;
				GCC_WARN_ABOUT_RETURN_TYPE = YES_ERROR;
				GCC_WARN_UNDECLARED_SELECTOR = YES;
				GCC_WARN_UNINITIALIZED_AUTOS = YES_AGGRESSIVE;
				GCC_WARN_UNUSED_FUNCTION = YES;
				GCC_WARN_UNUSED_VARIABLE = YES;
				IPHONEOS_DEPLOYMENT_TARGET = 11.4;
				MTL_ENABLE_DEBUG_INFO = YES;
				ONLY_ACTIVE_ARCH = YES;
				SDKROOT = iphoneos;
				SWIFT_ACTIVE_COMPILATION_CONDITIONS = DEBUG;
				SWIFT_OPTIMIZATION_LEVEL = "-Onone";
			};
			name = Debug;
		};
		60DF67252135D3AE007F79EE /* Release */ = {
			isa = XCBuildConfiguration;
			buildSettings = {
				ALWAYS_SEARCH_USER_PATHS = NO;
				CLANG_ANALYZER_NONNULL = YES;
				CLANG_ANALYZER_NUMBER_OBJECT_CONVERSION = YES_AGGRESSIVE;
				CLANG_CXX_LANGUAGE_STANDARD = "gnu++14";
				CLANG_CXX_LIBRARY = "libc++";
				CLANG_ENABLE_MODULES = YES;
				CLANG_ENABLE_OBJC_ARC = YES;
				CLANG_ENABLE_OBJC_WEAK = YES;
				CLANG_WARN_BLOCK_CAPTURE_AUTORELEASING = YES;
				CLANG_WARN_BOOL_CONVERSION = YES;
				CLANG_WARN_COMMA = YES;
				CLANG_WARN_CONSTANT_CONVERSION = YES;
				CLANG_WARN_DEPRECATED_OBJC_IMPLEMENTATIONS = YES;
				CLANG_WARN_DIRECT_OBJC_ISA_USAGE = YES_ERROR;
				CLANG_WARN_DOCUMENTATION_COMMENTS = YES;
				CLANG_WARN_EMPTY_BODY = YES;
				CLANG_WARN_ENUM_CONVERSION = YES;
				CLANG_WARN_INFINITE_RECURSION = YES;
				CLANG_WARN_INT_CONVERSION = YES;
				CLANG_WARN_NON_LITERAL_NULL_CONVERSION = YES;
				CLANG_WARN_OBJC_IMPLICIT_RETAIN_SELF = YES;
				CLANG_WARN_OBJC_LITERAL_CONVERSION = YES;
				CLANG_WARN_OBJC_ROOT_CLASS = YES_ERROR;
				CLANG_WARN_RANGE_LOOP_ANALYSIS = YES;
				CLANG_WARN_STRICT_PROTOTYPES = YES;
				CLANG_WARN_SUSPICIOUS_MOVE = YES;
				CLANG_WARN_UNGUARDED_AVAILABILITY = YES_AGGRESSIVE;
				CLANG_WARN_UNREACHABLE_CODE = YES;
				CLANG_WARN__DUPLICATE_METHOD_MATCH = YES;
				CODE_SIGN_IDENTITY = "iPhone Developer";
				COPY_PHASE_STRIP = NO;
				DEBUG_INFORMATION_FORMAT = "dwarf-with-dsym";
				ENABLE_NS_ASSERTIONS = NO;
				ENABLE_STRICT_OBJC_MSGSEND = YES;
				GCC_C_LANGUAGE_STANDARD = gnu11;
				GCC_NO_COMMON_BLOCKS = YES;
				GCC_WARN_64_TO_32_BIT_CONVERSION = YES;
				GCC_WARN_ABOUT_RETURN_TYPE = YES_ERROR;
				GCC_WARN_UNDECLARED_SELECTOR = YES;
				GCC_WARN_UNINITIALIZED_AUTOS = YES_AGGRESSIVE;
				GCC_WARN_UNUSED_FUNCTION = YES;
				GCC_WARN_UNUSED_VARIABLE = YES;
				IPHONEOS_DEPLOYMENT_TARGET = 11.4;
				MTL_ENABLE_DEBUG_INFO = NO;
				SDKROOT = iphoneos;
				SWIFT_COMPILATION_MODE = wholemodule;
				SWIFT_OPTIMIZATION_LEVEL = "-O";
				VALIDATE_PRODUCT = YES;
			};
			name = Release;
		};
		60DF67272135D3AE007F79EE /* Debug */ = {
			isa = XCBuildConfiguration;
			buildSettings = {
				ASSETCATALOG_COMPILER_APPICON_NAME = AppIcon;
				CODE_SIGN_STYLE = Automatic;
				DEVELOPMENT_TEAM = WAQY4YN2JJ;
				INFOPLIST_FILE = PinPoint/Info.plist;
				LD_RUNPATH_SEARCH_PATHS = (
					"$(inherited)",
					"@executable_path/Frameworks",
				);
				PRODUCT_BUNDLE_IDENTIFIER = com.gpmpn2.PinPoint;
				PRODUCT_NAME = "$(TARGET_NAME)";
				SWIFT_VERSION = 4.0;
				TARGETED_DEVICE_FAMILY = "1,2";
			};
			name = Debug;
		};
		60DF67282135D3AE007F79EE /* Release */ = {
			isa = XCBuildConfiguration;
			buildSettings = {
				ASSETCATALOG_COMPILER_APPICON_NAME = AppIcon;
				CODE_SIGN_STYLE = Automatic;
				DEVELOPMENT_TEAM = WAQY4YN2JJ;
				INFOPLIST_FILE = PinPoint/Info.plist;
				LD_RUNPATH_SEARCH_PATHS = (
					"$(inherited)",
					"@executable_path/Frameworks",
				);
				PRODUCT_BUNDLE_IDENTIFIER = com.gpmpn2.PinPoint;
				PRODUCT_NAME = "$(TARGET_NAME)";
				SWIFT_VERSION = 4.0;
				TARGETED_DEVICE_FAMILY = "1,2";
			};
			name = Release;
		};
		60DF672A2135D3AE007F79EE /* Debug */ = {
			isa = XCBuildConfiguration;
			buildSettings = {
				ALWAYS_EMBED_SWIFT_STANDARD_LIBRARIES = YES;
				BUNDLE_LOADER = "$(TEST_HOST)";
				CODE_SIGN_STYLE = Automatic;
				DEVELOPMENT_TEAM = WAQY4YN2JJ;
				INFOPLIST_FILE = PinPointTests/Info.plist;
				LD_RUNPATH_SEARCH_PATHS = (
					"$(inherited)",
					"@executable_path/Frameworks",
					"@loader_path/Frameworks",
				);
				PRODUCT_BUNDLE_IDENTIFIER = com.gpmpn2.PinPointTests;
				PRODUCT_NAME = "$(TARGET_NAME)";
				SWIFT_VERSION = 4.0;
				TARGETED_DEVICE_FAMILY = "1,2";
				TEST_HOST = "$(BUILT_PRODUCTS_DIR)/PinPoint.app/PinPoint";
			};
			name = Debug;
		};
		60DF672B2135D3AE007F79EE /* Release */ = {
			isa = XCBuildConfiguration;
			buildSettings = {
				ALWAYS_EMBED_SWIFT_STANDARD_LIBRARIES = YES;
				BUNDLE_LOADER = "$(TEST_HOST)";
				CODE_SIGN_STYLE = Automatic;
				DEVELOPMENT_TEAM = WAQY4YN2JJ;
				INFOPLIST_FILE = PinPointTests/Info.plist;
				LD_RUNPATH_SEARCH_PATHS = (
					"$(inherited)",
					"@executable_path/Frameworks",
					"@loader_path/Frameworks",
				);
				PRODUCT_BUNDLE_IDENTIFIER = com.gpmpn2.PinPointTests;
				PRODUCT_NAME = "$(TARGET_NAME)";
				SWIFT_VERSION = 4.0;
				TARGETED_DEVICE_FAMILY = "1,2";
				TEST_HOST = "$(BUILT_PRODUCTS_DIR)/PinPoint.app/PinPoint";
			};
			name = Release;
		};
		60DF672D2135D3AE007F79EE /* Debug */ = {
			isa = XCBuildConfiguration;
			buildSettings = {
				ALWAYS_EMBED_SWIFT_STANDARD_LIBRARIES = YES;
				CODE_SIGN_STYLE = Automatic;
				DEVELOPMENT_TEAM = WAQY4YN2JJ;
				INFOPLIST_FILE = PinPointUITests/Info.plist;
				LD_RUNPATH_SEARCH_PATHS = (
					"$(inherited)",
					"@executable_path/Frameworks",
					"@loader_path/Frameworks",
				);
				PRODUCT_BUNDLE_IDENTIFIER = com.gpmpn2.PinPointUITests;
				PRODUCT_NAME = "$(TARGET_NAME)";
				SWIFT_VERSION = 4.0;
				TARGETED_DEVICE_FAMILY = "1,2";
				TEST_TARGET_NAME = PinPoint;
			};
			name = Debug;
		};
		60DF672E2135D3AE007F79EE /* Release */ = {
			isa = XCBuildConfiguration;
			buildSettings = {
				ALWAYS_EMBED_SWIFT_STANDARD_LIBRARIES = YES;
				CODE_SIGN_STYLE = Automatic;
				DEVELOPMENT_TEAM = WAQY4YN2JJ;
				INFOPLIST_FILE = PinPointUITests/Info.plist;
				LD_RUNPATH_SEARCH_PATHS = (
					"$(inherited)",
					"@executable_path/Frameworks",
					"@loader_path/Frameworks",
				);
				PRODUCT_BUNDLE_IDENTIFIER = com.gpmpn2.PinPointUITests;
				PRODUCT_NAME = "$(TARGET_NAME)";
				SWIFT_VERSION = 4.0;
				TARGETED_DEVICE_FAMILY = "1,2";
				TEST_TARGET_NAME = PinPoint;
			};
			name = Release;
		};
/* End XCBuildConfiguration section */

/* Begin XCConfigurationList section */
		60DF66F92135D3AD007F79EE /* Build configuration list for PBXProject "PinPoint" */ = {
			isa = XCConfigurationList;
			buildConfigurations = (
				60DF67242135D3AE007F79EE /* Debug */,
				60DF67252135D3AE007F79EE /* Release */,
			);
			defaultConfigurationIsVisible = 0;
			defaultConfigurationName = Release;
		};
		60DF67262135D3AE007F79EE /* Build configuration list for PBXNativeTarget "PinPoint" */ = {
			isa = XCConfigurationList;
			buildConfigurations = (
				60DF67272135D3AE007F79EE /* Debug */,
				60DF67282135D3AE007F79EE /* Release */,
			);
			defaultConfigurationIsVisible = 0;
			defaultConfigurationName = Release;
		};
		60DF67292135D3AE007F79EE /* Build configuration list for PBXNativeTarget "PinPointTests" */ = {
			isa = XCConfigurationList;
			buildConfigurations = (
				60DF672A2135D3AE007F79EE /* Debug */,
				60DF672B2135D3AE007F79EE /* Release */,
			);
			defaultConfigurationIsVisible = 0;
			defaultConfigurationName = Release;
		};
		60DF672C2135D3AE007F79EE /* Build configuration list for PBXNativeTarget "PinPointUITests" */ = {
			isa = XCConfigurationList;
			buildConfigurations = (
				60DF672D2135D3AE007F79EE /* Debug */,
				60DF672E2135D3AE007F79EE /* Release */,
			);
			defaultConfigurationIsVisible = 0;
			defaultConfigurationName = Release;
		};
/* End XCConfigurationList section */
	};
	rootObject = 60DF66F62135D3AD007F79EE /* Project object */;
}
